
Microsoft Visual Studio Solution File, Format Version 12.00
# Visual Studio Version 17
VisualStudioVersion = 17.14.36518.9
MinimumVisualStudioVersion = 10.0.40219.1
Project("{FAE04EC0-301F-11D3-BF4B-00C04F79EFBC}") = "GoldenRaspberryAwardsApi", "GoldenRaspberryAwardsApi\GoldenRaspberryAwardsApi.csproj", "{B9B381BC-ECBF-4DD5-A74D-21912DE70CBE}"
EndProject
Project("{FAE04EC0-301F-11D3-BF4B-00C04F79EFBC}") = "Tests", "..\tests\Tests.csproj", "{6B18D1E5-BF04-420E-8490-77773E263F2E}"
EndProject
Project("{FAE04EC0-301F-11D3-BF4B-00C04F79EFBC}") = "GoldenRaspberryAwardsApi.Application", "GoldenRaspberryAwardsApi.Application\GoldenRaspberryAwardsApi.Application.csproj", "{22B89E9C-5C2C-48C9-AB08-70DD0A979773}"
EndProject
Project("{FAE04EC0-301F-11D3-BF4B-00C04F79EFBC}") = "GoldenRaspberryAwardsApi.Domain", "GoldenRaspberryAwardsApi.Domain\GoldenRaspberryAwardsApi.Domain.csproj", "{683268C9-A0AA-4A26-9749-08542A4AF056}"
EndProject
Global
	GlobalSection(SolutionConfigurationPlatforms) = preSolution
		Debug|Any CPU = Debug|Any CPU
		Release|Any CPU = Release|Any CPU
	EndGlobalSection
	GlobalSection(ProjectConfigurationPlatforms) = postSolution
		{B9B381BC-ECBF-4DD5-A74D-21912DE70CBE}.Debug|Any CPU.ActiveCfg = Debug|Any CPU
		{B9B381BC-ECBF-4DD5-A74D-21912DE70CBE}.Debug|Any CPU.Build.0 = Debug|Any CPU
		{B9B381BC-ECBF-4DD5-A74D-21912DE70CBE}.Release|Any CPU.ActiveCfg = Release|Any CPU
		{B9B381BC-ECBF-4DD5-A74D-21912DE70CBE}.Release|Any CPU.Build.0 = Release|Any CPU
		{6B18D1E5-BF04-420E-8490-77773E263F2E}.Debug|Any CPU.ActiveCfg = Debug|Any CPU
		{6B18D1E5-BF04-420E-8490-77773E263F2E}.Debug|Any CPU.Build.0 = Debug|Any CPU
		{6B18D1E5-BF04-420E-8490-77773E263F2E}.Release|Any CPU.ActiveCfg = Release|Any CPU
		{6B18D1E5-BF04-420E-8490-77773E263F2E}.Release|Any CPU.Build.0 = Release|Any CPU
		{22B89E9C-5C2C-48C9-AB08-70DD0A979773}.Debug|Any CPU.ActiveCfg = Debug|Any CPU
		{22B89E9C-5C2C-48C9-AB08-70DD0A979773}.Debug|Any CPU.Build.0 = Debug|Any CPU
		{22B89E9C-5C2C-48C9-AB08-70DD0A979773}.Release|Any CPU.ActiveCfg = Release|Any CPU
		{22B89E9C-5C2C-48C9-AB08-70DD0A979773}.Release|Any CPU.Build.0 = Release|Any CPU
		{683268C9-A0AA-4A26-9749-08542A4AF056}.Debug|Any CPU.ActiveCfg = Debug|Any CPU
		{683268C9-A0AA-4A26-9749-08542A4AF056}.Debug|Any CPU.Build.0 = Debug|Any CPU
		{683268C9-A0AA-4A26-9749-08542A4AF056}.Release|Any CPU.ActiveCfg = Release|Any CPU
		{683268C9-A0AA-4A26-9749-08542A4AF056}.Release|Any CPU.Build.0 = Release|Any CPU
	EndGlobalSection
	GlobalSection(SolutionProperties) = preSolution
		HideSolutionNode = FALSE
	EndGlobalSection
	GlobalSection(ExtensibilityGlobals) = postSolution
		SolutionGuid = {9E83BC5C-C47D-4572-B7F3-CAF929871CA7}
	EndGlobalSection
EndGlobal
